
Microsoft Visual Studio Solution File, Format Version 12.00
# Visual Studio 15
VisualStudioVersion = 15.0.27130.2020
MinimumVisualStudioVersion = 10.0.40219.1
Project("{FAE04EC0-301F-11D3-BF4B-00C04F79EFBC}") = "Mini-Blog", "Mini-Blog\Mini-Blog.csproj", "{7DC58DA6-B256-4CF9-9BB1-9489759AA72E}"
EndProject
Global
	GlobalSection(SolutionConfigurationPlatforms) = preSolution
		Debug|Any CPU = Debug|Any CPU
		Release|Any CPU = Release|Any CPU
	EndGlobalSection
	GlobalSection(ProjectConfigurationPlatforms) = postSolution
		{7DC58DA6-B256-4CF9-9BB1-9489759AA72E}.Debug|Any CPU.ActiveCfg = Debug|Any CPU
		{7DC58DA6-B256-4CF9-9BB1-9489759AA72E}.Debug|Any CPU.Build.0 = Debug|Any CPU
		{7DC58DA6-B256-4CF9-9BB1-9489759AA72E}.Release|Any CPU.ActiveCfg = Release|Any CPU
		{7DC58DA6-B256-4CF9-9BB1-9489759AA72E}.Release|Any CPU.Build.0 = Release|Any CPU
	EndGlobalSection
	GlobalSection(SolutionProperties) = preSolution
		HideSolutionNode = FALSE
	EndGlobalSection
	GlobalSection(ExtensibilityGlobals) = postSolution
		SolutionGuid = {0479C7F3-DF85-4228-9138-BF1C3FEAFFCC}
	EndGlobalSection
EndGlobal
